// !$*UTF8*$!
{
	archiveVersion = 1;
	classes = {
	};
	objectVersion = 55;
	objects = {

/* Begin PBXBuildFile section */
		027C5CA2356EF1AB4068DB54 /* Pods_MyClassTimetable.framework in Frameworks */ = {isa = PBXBuildFile; fileRef = D725CD714E7B14EF3606C707 /* Pods_MyClassTimetable.framework */; };
		74EA14F940EF4DE8DBC60B42 /* Pods_MyClassTimetableTests.framework in Frameworks */ = {isa = PBXBuildFile; fileRef = 67876DC3AFF4369A42EA8FEC /* Pods_MyClassTimetableTests.framework */; };
		B1BF8E9B68834CB87C8167BD /* Pods_MyClassTimetable_MyClassTimetableUITests.framework in Frameworks */ = {isa = PBXBuildFile; fileRef = FC0DCBE05E9BE9BA163611E8 /* Pods_MyClassTimetable_MyClassTimetableUITests.framework */; };
		E86E78D22848497D00773BF0 /* AppDelegate.swift in Sources */ = {isa = PBXBuildFile; fileRef = E86E78D12848497D00773BF0 /* AppDelegate.swift */; };
		E86E78D42848497D00773BF0 /* SceneDelegate.swift in Sources */ = {isa = PBXBuildFile; fileRef = E86E78D32848497D00773BF0 /* SceneDelegate.swift */; };
		E86E78D62848497D00773BF0 /* HomeViewController.swift in Sources */ = {isa = PBXBuildFile; fileRef = E86E78D52848497D00773BF0 /* HomeViewController.swift */; };
		E86E78D92848497D00773BF0 /* Home.storyboard in Resources */ = {isa = PBXBuildFile; fileRef = E86E78D72848497D00773BF0 /* Home.storyboard */; };
		E86E78DB2848497E00773BF0 /* Assets.xcassets in Resources */ = {isa = PBXBuildFile; fileRef = E86E78DA2848497E00773BF0 /* Assets.xcassets */; };
		E86E78DE2848497E00773BF0 /* LaunchScreen.storyboard in Resources */ = {isa = PBXBuildFile; fileRef = E86E78DC2848497E00773BF0 /* LaunchScreen.storyboard */; };
		E86E78E92848497F00773BF0 /* MyClassTimetableTests.swift in Sources */ = {isa = PBXBuildFile; fileRef = E86E78E82848497F00773BF0 /* MyClassTimetableTests.swift */; };
		E86E78F32848497F00773BF0 /* MyClassTimetableUITests.swift in Sources */ = {isa = PBXBuildFile; fileRef = E86E78F22848497F00773BF0 /* MyClassTimetableUITests.swift */; };
		E86E78F52848497F00773BF0 /* MyClassTimetableUITestsLaunchTests.swift in Sources */ = {isa = PBXBuildFile; fileRef = E86E78F42848497F00773BF0 /* MyClassTimetableUITestsLaunchTests.swift */; };
		E87390C6284CA62E00FF79E3 /* LectureView.xib in Resources */ = {isa = PBXBuildFile; fileRef = E87390C5284CA62E00FF79E3 /* LectureView.xib */; };
		E87390C8284CA6A500FF79E3 /* LectureView.swift in Sources */ = {isa = PBXBuildFile; fileRef = E87390C7284CA6A500FF79E3 /* LectureView.swift */; };
		E87390CB284CA76F00FF79E3 /* Lecture.swift in Sources */ = {isa = PBXBuildFile; fileRef = E87390CA284CA76F00FF79E3 /* Lecture.swift */; };
		E87390CF284CAF2E00FF79E3 /* Date+.swift in Sources */ = {isa = PBXBuildFile; fileRef = E87390CE284CAF2E00FF79E3 /* Date+.swift */; };
		E87390D2284E268800FF79E3 /* Weekday.swift in Sources */ = {isa = PBXBuildFile; fileRef = E87390D1284E268800FF79E3 /* Weekday.swift */; };
		E8E603E7284868FB003EEA3B /* TimetableBackgroundElementView.xib in Resources */ = {isa = PBXBuildFile; fileRef = E8E603E6284868FB003EEA3B /* TimetableBackgroundElementView.xib */; };
		E8E603EB28486AA8003EEA3B /* TimetableBackgroundElementView.swift in Sources */ = {isa = PBXBuildFile; fileRef = E8E603EA28486AA8003EEA3B /* TimetableBackgroundElementView.swift */; };
/* End PBXBuildFile section */

/* Begin PBXContainerItemProxy section */
		E86E78E52848497F00773BF0 /* PBXContainerItemProxy */ = {
			isa = PBXContainerItemProxy;
			containerPortal = E86E78C62848497D00773BF0 /* Project object */;
			proxyType = 1;
			remoteGlobalIDString = E86E78CD2848497D00773BF0;
			remoteInfo = MyClassTimetable;
		};
		E86E78EF2848497F00773BF0 /* PBXContainerItemProxy */ = {
			isa = PBXContainerItemProxy;
			containerPortal = E86E78C62848497D00773BF0 /* Project object */;
			proxyType = 1;
			remoteGlobalIDString = E86E78CD2848497D00773BF0;
			remoteInfo = MyClassTimetable;
		};
/* End PBXContainerItemProxy section */

/* Begin PBXFileReference section */
		028E51EF5BC09B5DC2413CC0 /* Pods-MyClassTimetable-MyClassTimetableUITests.release.xcconfig */ = {isa = PBXFileReference; includeInIndex = 1; lastKnownFileType = text.xcconfig; name = "Pods-MyClassTimetable-MyClassTimetableUITests.release.xcconfig"; path = "Target Support Files/Pods-MyClassTimetable-MyClassTimetableUITests/Pods-MyClassTimetable-MyClassTimetableUITests.release.xcconfig"; sourceTree = "<group>"; };
		3837AD75C429B018208239DF /* Pods-MyClassTimetable-MyClassTimetableUITests.debug.xcconfig */ = {isa = PBXFileReference; includeInIndex = 1; lastKnownFileType = text.xcconfig; name = "Pods-MyClassTimetable-MyClassTimetableUITests.debug.xcconfig"; path = "Target Support Files/Pods-MyClassTimetable-MyClassTimetableUITests/Pods-MyClassTimetable-MyClassTimetableUITests.debug.xcconfig"; sourceTree = "<group>"; };
		4DA54BA1A351E0D66BAE07BD /* Pods-MyClassTimetableTests.release.xcconfig */ = {isa = PBXFileReference; includeInIndex = 1; lastKnownFileType = text.xcconfig; name = "Pods-MyClassTimetableTests.release.xcconfig"; path = "Target Support Files/Pods-MyClassTimetableTests/Pods-MyClassTimetableTests.release.xcconfig"; sourceTree = "<group>"; };
		63B089CBE0906498A5D50760 /* Pods-MyClassTimetable.release.xcconfig */ = {isa = PBXFileReference; includeInIndex = 1; lastKnownFileType = text.xcconfig; name = "Pods-MyClassTimetable.release.xcconfig"; path = "Target Support Files/Pods-MyClassTimetable/Pods-MyClassTimetable.release.xcconfig"; sourceTree = "<group>"; };
		67876DC3AFF4369A42EA8FEC /* Pods_MyClassTimetableTests.framework */ = {isa = PBXFileReference; explicitFileType = wrapper.framework; includeInIndex = 0; path = Pods_MyClassTimetableTests.framework; sourceTree = BUILT_PRODUCTS_DIR; };
		9B12BAAA1AB0DA713C52A214 /* Pods-MyClassTimetable.debug.xcconfig */ = {isa = PBXFileReference; includeInIndex = 1; lastKnownFileType = text.xcconfig; name = "Pods-MyClassTimetable.debug.xcconfig"; path = "Target Support Files/Pods-MyClassTimetable/Pods-MyClassTimetable.debug.xcconfig"; sourceTree = "<group>"; };
		D3DA8F4608276FB802A46BCE /* Pods-MyClassTimetableTests.debug.xcconfig */ = {isa = PBXFileReference; includeInIndex = 1; lastKnownFileType = text.xcconfig; name = "Pods-MyClassTimetableTests.debug.xcconfig"; path = "Target Support Files/Pods-MyClassTimetableTests/Pods-MyClassTimetableTests.debug.xcconfig"; sourceTree = "<group>"; };
		D725CD714E7B14EF3606C707 /* Pods_MyClassTimetable.framework */ = {isa = PBXFileReference; explicitFileType = wrapper.framework; includeInIndex = 0; path = Pods_MyClassTimetable.framework; sourceTree = BUILT_PRODUCTS_DIR; };
		E86E78CE2848497D00773BF0 /* MyClassTimetable.app */ = {isa = PBXFileReference; explicitFileType = wrapper.application; includeInIndex = 0; path = MyClassTimetable.app; sourceTree = BUILT_PRODUCTS_DIR; };
		E86E78D12848497D00773BF0 /* AppDelegate.swift */ = {isa = PBXFileReference; lastKnownFileType = sourcecode.swift; path = AppDelegate.swift; sourceTree = "<group>"; };
		E86E78D32848497D00773BF0 /* SceneDelegate.swift */ = {isa = PBXFileReference; lastKnownFileType = sourcecode.swift; path = SceneDelegate.swift; sourceTree = "<group>"; };
		E86E78D52848497D00773BF0 /* HomeViewController.swift */ = {isa = PBXFileReference; lastKnownFileType = sourcecode.swift; path = HomeViewController.swift; sourceTree = "<group>"; };
		E86E78D82848497D00773BF0 /* Base */ = {isa = PBXFileReference; lastKnownFileType = file.storyboard; name = Base; path = Base.lproj/Home.storyboard; sourceTree = "<group>"; };
		E86E78DA2848497E00773BF0 /* Assets.xcassets */ = {isa = PBXFileReference; lastKnownFileType = folder.assetcatalog; path = Assets.xcassets; sourceTree = "<group>"; };
		E86E78DD2848497E00773BF0 /* Base */ = {isa = PBXFileReference; lastKnownFileType = file.storyboard; name = Base; path = Base.lproj/LaunchScreen.storyboard; sourceTree = "<group>"; };
		E86E78DF2848497E00773BF0 /* Info.plist */ = {isa = PBXFileReference; lastKnownFileType = text.plist.xml; name = Info.plist; path = MyClassTimetable/Application/Info.plist; sourceTree = SOURCE_ROOT; };
		E86E78E42848497F00773BF0 /* MyClassTimetableTests.xctest */ = {isa = PBXFileReference; explicitFileType = wrapper.cfbundle; includeInIndex = 0; path = MyClassTimetableTests.xctest; sourceTree = BUILT_PRODUCTS_DIR; };
		E86E78E82848497F00773BF0 /* MyClassTimetableTests.swift */ = {isa = PBXFileReference; lastKnownFileType = sourcecode.swift; path = MyClassTimetableTests.swift; sourceTree = "<group>"; };
		E86E78EE2848497F00773BF0 /* MyClassTimetableUITests.xctest */ = {isa = PBXFileReference; explicitFileType = wrapper.cfbundle; includeInIndex = 0; path = MyClassTimetableUITests.xctest; sourceTree = BUILT_PRODUCTS_DIR; };
		E86E78F22848497F00773BF0 /* MyClassTimetableUITests.swift */ = {isa = PBXFileReference; lastKnownFileType = sourcecode.swift; path = MyClassTimetableUITests.swift; sourceTree = "<group>"; };
		E86E78F42848497F00773BF0 /* MyClassTimetableUITestsLaunchTests.swift */ = {isa = PBXFileReference; lastKnownFileType = sourcecode.swift; path = MyClassTimetableUITestsLaunchTests.swift; sourceTree = "<group>"; };
		E87390C5284CA62E00FF79E3 /* LectureView.xib */ = {isa = PBXFileReference; lastKnownFileType = file.xib; path = LectureView.xib; sourceTree = "<group>"; };
		E87390C7284CA6A500FF79E3 /* LectureView.swift */ = {isa = PBXFileReference; lastKnownFileType = sourcecode.swift; path = LectureView.swift; sourceTree = "<group>"; };
		E87390CA284CA76F00FF79E3 /* Lecture.swift */ = {isa = PBXFileReference; lastKnownFileType = sourcecode.swift; path = Lecture.swift; sourceTree = "<group>"; };
		E87390CE284CAF2E00FF79E3 /* Date+.swift */ = {isa = PBXFileReference; lastKnownFileType = sourcecode.swift; path = "Date+.swift"; sourceTree = "<group>"; };
		E87390D1284E268800FF79E3 /* Weekday.swift */ = {isa = PBXFileReference; lastKnownFileType = sourcecode.swift; path = Weekday.swift; sourceTree = "<group>"; };
		E8E603E6284868FB003EEA3B /* TimetableBackgroundElementView.xib */ = {isa = PBXFileReference; lastKnownFileType = file.xib; path = TimetableBackgroundElementView.xib; sourceTree = "<group>"; };
		E8E603EA28486AA8003EEA3B /* TimetableBackgroundElementView.swift */ = {isa = PBXFileReference; lastKnownFileType = sourcecode.swift; path = TimetableBackgroundElementView.swift; sourceTree = "<group>"; };
		FC0DCBE05E9BE9BA163611E8 /* Pods_MyClassTimetable_MyClassTimetableUITests.framework */ = {isa = PBXFileReference; explicitFileType = wrapper.framework; includeInIndex = 0; path = Pods_MyClassTimetable_MyClassTimetableUITests.framework; sourceTree = BUILT_PRODUCTS_DIR; };
/* End PBXFileReference section */

/* Begin PBXFrameworksBuildPhase section */
		E86E78CB2848497D00773BF0 /* Frameworks */ = {
			isa = PBXFrameworksBuildPhase;
			buildActionMask = 2147483647;
			files = (
				027C5CA2356EF1AB4068DB54 /* Pods_MyClassTimetable.framework in Frameworks */,
			);
			runOnlyForDeploymentPostprocessing = 0;
		};
		E86E78E12848497F00773BF0 /* Frameworks */ = {
			isa = PBXFrameworksBuildPhase;
			buildActionMask = 2147483647;
			files = (
				74EA14F940EF4DE8DBC60B42 /* Pods_MyClassTimetableTests.framework in Frameworks */,
			);
			runOnlyForDeploymentPostprocessing = 0;
		};
		E86E78EB2848497F00773BF0 /* Frameworks */ = {
			isa = PBXFrameworksBuildPhase;
			buildActionMask = 2147483647;
			files = (
				B1BF8E9B68834CB87C8167BD /* Pods_MyClassTimetable_MyClassTimetableUITests.framework in Frameworks */,
			);
			runOnlyForDeploymentPostprocessing = 0;
		};
/* End PBXFrameworksBuildPhase section */

/* Begin PBXGroup section */
		E826B3E928484C8100209C85 /* Resource */ = {
			isa = PBXGroup;
			children = (
				E86E78DC2848497E00773BF0 /* LaunchScreen.storyboard */,
				E86E78DA2848497E00773BF0 /* Assets.xcassets */,
			);
			path = Resource;
			sourceTree = "<group>";
		};
		E826B3EB2848634500209C85 /* Component */ = {
			isa = PBXGroup;
			children = (
				E8E603E6284868FB003EEA3B /* TimetableBackgroundElementView.xib */,
				E8E603EA28486AA8003EEA3B /* TimetableBackgroundElementView.swift */,
				E87390C5284CA62E00FF79E3 /* LectureView.xib */,
				E87390C7284CA6A500FF79E3 /* LectureView.swift */,
			);
			path = Component;
			sourceTree = "<group>";
		};
		E86E78C52848497D00773BF0 = {
			isa = PBXGroup;
			children = (
				E86E78D02848497D00773BF0 /* MyClassTimetable */,
				E86E78E72848497F00773BF0 /* MyClassTimetableTests */,
				E86E78F12848497F00773BF0 /* MyClassTimetableUITests */,
				E86E78CF2848497D00773BF0 /* Products */,
				F0CDC143AD94354BFF08E247 /* Pods */,
				F6537B6D9D79CB8C9E9ED743 /* Frameworks */,
			);
			sourceTree = "<group>";
		};
		E86E78CF2848497D00773BF0 /* Products */ = {
			isa = PBXGroup;
			children = (
				E86E78CE2848497D00773BF0 /* MyClassTimetable.app */,
				E86E78E42848497F00773BF0 /* MyClassTimetableTests.xctest */,
				E86E78EE2848497F00773BF0 /* MyClassTimetableUITests.xctest */,
			);
			name = Products;
			sourceTree = "<group>";
		};
		E86E78D02848497D00773BF0 /* MyClassTimetable */ = {
			isa = PBXGroup;
			children = (
				E87390C1284C938100FF79E3 /* Application */,
				E87390C2284C940800FF79E3 /* Presentation */,
				E87390C9284CA76100FF79E3 /* Domain */,
				E826B3E928484C8100209C85 /* Resource */,
				E87390CD284CAF1700FF79E3 /* Extension */,
			);
			path = MyClassTimetable;
			sourceTree = "<group>";
		};
		E86E78E72848497F00773BF0 /* MyClassTimetableTests */ = {
			isa = PBXGroup;
			children = (
				E86E78E82848497F00773BF0 /* MyClassTimetableTests.swift */,
			);
			path = MyClassTimetableTests;
			sourceTree = "<group>";
		};
		E86E78F12848497F00773BF0 /* MyClassTimetableUITests */ = {
			isa = PBXGroup;
			children = (
				E86E78F22848497F00773BF0 /* MyClassTimetableUITests.swift */,
				E86E78F42848497F00773BF0 /* MyClassTimetableUITestsLaunchTests.swift */,
			);
			path = MyClassTimetableUITests;
			sourceTree = "<group>";
		};
		E87390C1284C938100FF79E3 /* Application */ = {
			isa = PBXGroup;
			children = (
				E86E78D12848497D00773BF0 /* AppDelegate.swift */,
				E86E78D32848497D00773BF0 /* SceneDelegate.swift */,
				E86E78DF2848497E00773BF0 /* Info.plist */,
			);
			path = Application;
			sourceTree = "<group>";
		};
		E87390C2284C940800FF79E3 /* Presentation */ = {
			isa = PBXGroup;
			children = (
				E87390C3284C945700FF79E3 /* HomeScene */,
			);
			path = Presentation;
			sourceTree = "<group>";
		};
		E87390C3284C945700FF79E3 /* HomeScene */ = {
			isa = PBXGroup;
			children = (
				E87390C4284C946500FF79E3 /* View */,
			);
			path = HomeScene;
			sourceTree = "<group>";
		};
		E87390C4284C946500FF79E3 /* View */ = {
			isa = PBXGroup;
			children = (
				E86E78D72848497D00773BF0 /* Home.storyboard */,
				E86E78D52848497D00773BF0 /* HomeViewController.swift */,
				E826B3EB2848634500209C85 /* Component */,
			);
			path = View;
			sourceTree = "<group>";
		};
		E87390C9284CA76100FF79E3 /* Domain */ = {
			isa = PBXGroup;
			children = (
				E87390D0284E267100FF79E3 /* Utils */,
				E87390CC284CA7B600FF79E3 /* Entity */,
			);
			path = Domain;
			sourceTree = "<group>";
		};
		E87390CC284CA7B600FF79E3 /* Entity */ = {
			isa = PBXGroup;
			children = (
				E87390CA284CA76F00FF79E3 /* Lecture.swift */,
			);
			path = Entity;
			sourceTree = "<group>";
		};
		E87390CD284CAF1700FF79E3 /* Extension */ = {
			isa = PBXGroup;
			children = (
				E87390CE284CAF2E00FF79E3 /* Date+.swift */,
			);
			path = Extension;
			sourceTree = "<group>";
		};
		E87390D0284E267100FF79E3 /* Utils */ = {
			isa = PBXGroup;
			children = (
				E87390D1284E268800FF79E3 /* Weekday.swift */,
			);
			path = Utils;
			sourceTree = "<group>";
		};
		F0CDC143AD94354BFF08E247 /* Pods */ = {
			isa = PBXGroup;
			children = (
				9B12BAAA1AB0DA713C52A214 /* Pods-MyClassTimetable.debug.xcconfig */,
				63B089CBE0906498A5D50760 /* Pods-MyClassTimetable.release.xcconfig */,
				3837AD75C429B018208239DF /* Pods-MyClassTimetable-MyClassTimetableUITests.debug.xcconfig */,
				028E51EF5BC09B5DC2413CC0 /* Pods-MyClassTimetable-MyClassTimetableUITests.release.xcconfig */,
				D3DA8F4608276FB802A46BCE /* Pods-MyClassTimetableTests.debug.xcconfig */,
				4DA54BA1A351E0D66BAE07BD /* Pods-MyClassTimetableTests.release.xcconfig */,
			);
			path = Pods;
			sourceTree = "<group>";
		};
		F6537B6D9D79CB8C9E9ED743 /* Frameworks */ = {
			isa = PBXGroup;
			children = (
				D725CD714E7B14EF3606C707 /* Pods_MyClassTimetable.framework */,
				FC0DCBE05E9BE9BA163611E8 /* Pods_MyClassTimetable_MyClassTimetableUITests.framework */,
				67876DC3AFF4369A42EA8FEC /* Pods_MyClassTimetableTests.framework */,
			);
			name = Frameworks;
			sourceTree = "<group>";
		};
/* End PBXGroup section */

/* Begin PBXNativeTarget section */
		E86E78CD2848497D00773BF0 /* MyClassTimetable */ = {
			isa = PBXNativeTarget;
			buildConfigurationList = E86E78F82848497F00773BF0 /* Build configuration list for PBXNativeTarget "MyClassTimetable" */;
			buildPhases = (
				00ED4DDF16B89CFCD36EC06E /* [CP] Check Pods Manifest.lock */,
				E86E78CA2848497D00773BF0 /* Sources */,
				E86E78CB2848497D00773BF0 /* Frameworks */,
				E86E78CC2848497D00773BF0 /* Resources */,
				813233048BEF9222FA1A47BF /* [CP] Embed Pods Frameworks */,
			);
			buildRules = (
			);
			dependencies = (
			);
			name = MyClassTimetable;
			productName = MyClassTimetable;
			productReference = E86E78CE2848497D00773BF0 /* MyClassTimetable.app */;
			productType = "com.apple.product-type.application";
		};
		E86E78E32848497F00773BF0 /* MyClassTimetableTests */ = {
			isa = PBXNativeTarget;
			buildConfigurationList = E86E78FB2848497F00773BF0 /* Build configuration list for PBXNativeTarget "MyClassTimetableTests" */;
			buildPhases = (
				8D4B801A234DC1210FD95BE9 /* [CP] Check Pods Manifest.lock */,
				E86E78E02848497F00773BF0 /* Sources */,
				E86E78E12848497F00773BF0 /* Frameworks */,
				E86E78E22848497F00773BF0 /* Resources */,
			);
			buildRules = (
			);
			dependencies = (
				E86E78E62848497F00773BF0 /* PBXTargetDependency */,
			);
			name = MyClassTimetableTests;
			productName = MyClassTimetableTests;
			productReference = E86E78E42848497F00773BF0 /* MyClassTimetableTests.xctest */;
			productType = "com.apple.product-type.bundle.unit-test";
		};
		E86E78ED2848497F00773BF0 /* MyClassTimetableUITests */ = {
			isa = PBXNativeTarget;
			buildConfigurationList = E86E78FE2848497F00773BF0 /* Build configuration list for PBXNativeTarget "MyClassTimetableUITests" */;
			buildPhases = (
				58D22E16F9C96D1A71AB16C0 /* [CP] Check Pods Manifest.lock */,
				E86E78EA2848497F00773BF0 /* Sources */,
				E86E78EB2848497F00773BF0 /* Frameworks */,
				E86E78EC2848497F00773BF0 /* Resources */,
				C0198729742041124289DE43 /* [CP] Embed Pods Frameworks */,
			);
			buildRules = (
			);
			dependencies = (
				E86E78F02848497F00773BF0 /* PBXTargetDependency */,
			);
			name = MyClassTimetableUITests;
			productName = MyClassTimetableUITests;
			productReference = E86E78EE2848497F00773BF0 /* MyClassTimetableUITests.xctest */;
			productType = "com.apple.product-type.bundle.ui-testing";
		};
/* End PBXNativeTarget section */

/* Begin PBXProject section */
		E86E78C62848497D00773BF0 /* Project object */ = {
			isa = PBXProject;
			attributes = {
				BuildIndependentTargetsInParallel = 1;
				LastSwiftUpdateCheck = 1330;
				LastUpgradeCheck = 1330;
				TargetAttributes = {
					E86E78CD2848497D00773BF0 = {
						CreatedOnToolsVersion = 13.3.1;
					};
					E86E78E32848497F00773BF0 = {
						CreatedOnToolsVersion = 13.3.1;
						TestTargetID = E86E78CD2848497D00773BF0;
					};
					E86E78ED2848497F00773BF0 = {
						CreatedOnToolsVersion = 13.3.1;
						TestTargetID = E86E78CD2848497D00773BF0;
					};
				};
			};
			buildConfigurationList = E86E78C92848497D00773BF0 /* Build configuration list for PBXProject "MyClassTimetable" */;
			compatibilityVersion = "Xcode 13.0";
			developmentRegion = en;
			hasScannedForEncodings = 0;
			knownRegions = (
				en,
				Base,
			);
			mainGroup = E86E78C52848497D00773BF0;
			productRefGroup = E86E78CF2848497D00773BF0 /* Products */;
			projectDirPath = "";
			projectRoot = "";
			targets = (
				E86E78CD2848497D00773BF0 /* MyClassTimetable */,
				E86E78E32848497F00773BF0 /* MyClassTimetableTests */,
				E86E78ED2848497F00773BF0 /* MyClassTimetableUITests */,
			);
		};
/* End PBXProject section */

/* Begin PBXResourcesBuildPhase section */
		E86E78CC2848497D00773BF0 /* Resources */ = {
			isa = PBXResourcesBuildPhase;
			buildActionMask = 2147483647;
			files = (
				E86E78DE2848497E00773BF0 /* LaunchScreen.storyboard in Resources */,
				E86E78DB2848497E00773BF0 /* Assets.xcassets in Resources */,
				E87390C6284CA62E00FF79E3 /* LectureView.xib in Resources */,
				E86E78D92848497D00773BF0 /* Home.storyboard in Resources */,
				E8E603E7284868FB003EEA3B /* TimetableBackgroundElementView.xib in Resources */,
			);
			runOnlyForDeploymentPostprocessing = 0;
		};
		E86E78E22848497F00773BF0 /* Resources */ = {
			isa = PBXResourcesBuildPhase;
			buildActionMask = 2147483647;
			files = (
			);
			runOnlyForDeploymentPostprocessing = 0;
		};
		E86E78EC2848497F00773BF0 /* Resources */ = {
			isa = PBXResourcesBuildPhase;
			buildActionMask = 2147483647;
			files = (
			);
			runOnlyForDeploymentPostprocessing = 0;
		};
/* End PBXResourcesBuildPhase section */

/* Begin PBXShellScriptBuildPhase section */
		00ED4DDF16B89CFCD36EC06E /* [CP] Check Pods Manifest.lock */ = {
			isa = PBXShellScriptBuildPhase;
			buildActionMask = 2147483647;
			files = (
			);
			inputFileListPaths = (
			);
			inputPaths = (
				"${PODS_PODFILE_DIR_PATH}/Podfile.lock",
				"${PODS_ROOT}/Manifest.lock",
			);
			name = "[CP] Check Pods Manifest.lock";
			outputFileListPaths = (
			);
			outputPaths = (
				"$(DERIVED_FILE_DIR)/Pods-MyClassTimetable-checkManifestLockResult.txt",
			);
			runOnlyForDeploymentPostprocessing = 0;
			shellPath = /bin/sh;
			shellScript = "diff \"${PODS_PODFILE_DIR_PATH}/Podfile.lock\" \"${PODS_ROOT}/Manifest.lock\" > /dev/null\nif [ $? != 0 ] ; then\n    # print error to STDERR\n    echo \"error: The sandbox is not in sync with the Podfile.lock. Run 'pod install' or update your CocoaPods installation.\" >&2\n    exit 1\nfi\n# This output is used by Xcode 'outputs' to avoid re-running this script phase.\necho \"SUCCESS\" > \"${SCRIPT_OUTPUT_FILE_0}\"\n";
			showEnvVarsInLog = 0;
		};
		58D22E16F9C96D1A71AB16C0 /* [CP] Check Pods Manifest.lock */ = {
			isa = PBXShellScriptBuildPhase;
			buildActionMask = 2147483647;
			files = (
			);
			inputFileListPaths = (
			);
			inputPaths = (
				"${PODS_PODFILE_DIR_PATH}/Podfile.lock",
				"${PODS_ROOT}/Manifest.lock",
			);
			name = "[CP] Check Pods Manifest.lock";
			outputFileListPaths = (
			);
			outputPaths = (
				"$(DERIVED_FILE_DIR)/Pods-MyClassTimetable-MyClassTimetableUITests-checkManifestLockResult.txt",
			);
			runOnlyForDeploymentPostprocessing = 0;
			shellPath = /bin/sh;
			shellScript = "diff \"${PODS_PODFILE_DIR_PATH}/Podfile.lock\" \"${PODS_ROOT}/Manifest.lock\" > /dev/null\nif [ $? != 0 ] ; then\n    # print error to STDERR\n    echo \"error: The sandbox is not in sync with the Podfile.lock. Run 'pod install' or update your CocoaPods installation.\" >&2\n    exit 1\nfi\n# This output is used by Xcode 'outputs' to avoid re-running this script phase.\necho \"SUCCESS\" > \"${SCRIPT_OUTPUT_FILE_0}\"\n";
			showEnvVarsInLog = 0;
		};
		813233048BEF9222FA1A47BF /* [CP] Embed Pods Frameworks */ = {
			isa = PBXShellScriptBuildPhase;
			buildActionMask = 2147483647;
			files = (
			);
			inputFileListPaths = (
				"${PODS_ROOT}/Target Support Files/Pods-MyClassTimetable/Pods-MyClassTimetable-frameworks-${CONFIGURATION}-input-files.xcfilelist",
			);
			name = "[CP] Embed Pods Frameworks";
			outputFileListPaths = (
				"${PODS_ROOT}/Target Support Files/Pods-MyClassTimetable/Pods-MyClassTimetable-frameworks-${CONFIGURATION}-output-files.xcfilelist",
			);
			runOnlyForDeploymentPostprocessing = 0;
			shellPath = /bin/sh;
			shellScript = "\"${PODS_ROOT}/Target Support Files/Pods-MyClassTimetable/Pods-MyClassTimetable-frameworks.sh\"\n";
			showEnvVarsInLog = 0;
		};
		8D4B801A234DC1210FD95BE9 /* [CP] Check Pods Manifest.lock */ = {
			isa = PBXShellScriptBuildPhase;
			buildActionMask = 2147483647;
			files = (
			);
			inputFileListPaths = (
			);
			inputPaths = (
				"${PODS_PODFILE_DIR_PATH}/Podfile.lock",
				"${PODS_ROOT}/Manifest.lock",
			);
			name = "[CP] Check Pods Manifest.lock";
			outputFileListPaths = (
			);
			outputPaths = (
				"$(DERIVED_FILE_DIR)/Pods-MyClassTimetableTests-checkManifestLockResult.txt",
			);
			runOnlyForDeploymentPostprocessing = 0;
			shellPath = /bin/sh;
			shellScript = "diff \"${PODS_PODFILE_DIR_PATH}/Podfile.lock\" \"${PODS_ROOT}/Manifest.lock\" > /dev/null\nif [ $? != 0 ] ; then\n    # print error to STDERR\n    echo \"error: The sandbox is not in sync with the Podfile.lock. Run 'pod install' or update your CocoaPods installation.\" >&2\n    exit 1\nfi\n# This output is used by Xcode 'outputs' to avoid re-running this script phase.\necho \"SUCCESS\" > \"${SCRIPT_OUTPUT_FILE_0}\"\n";
			showEnvVarsInLog = 0;
		};
		C0198729742041124289DE43 /* [CP] Embed Pods Frameworks */ = {
			isa = PBXShellScriptBuildPhase;
			buildActionMask = 2147483647;
			files = (
			);
			inputFileListPaths = (
				"${PODS_ROOT}/Target Support Files/Pods-MyClassTimetable-MyClassTimetableUITests/Pods-MyClassTimetable-MyClassTimetableUITests-frameworks-${CONFIGURATION}-input-files.xcfilelist",
			);
			name = "[CP] Embed Pods Frameworks";
			outputFileListPaths = (
				"${PODS_ROOT}/Target Support Files/Pods-MyClassTimetable-MyClassTimetableUITests/Pods-MyClassTimetable-MyClassTimetableUITests-frameworks-${CONFIGURATION}-output-files.xcfilelist",
			);
			runOnlyForDeploymentPostprocessing = 0;
			shellPath = /bin/sh;
			shellScript = "\"${PODS_ROOT}/Target Support Files/Pods-MyClassTimetable-MyClassTimetableUITests/Pods-MyClassTimetable-MyClassTimetableUITests-frameworks.sh\"\n";
			showEnvVarsInLog = 0;
		};
/* End PBXShellScriptBuildPhase section */

/* Begin PBXSourcesBuildPhase section */
		E86E78CA2848497D00773BF0 /* Sources */ = {
			isa = PBXSourcesBuildPhase;
			buildActionMask = 2147483647;
			files = (
				E87390CF284CAF2E00FF79E3 /* Date+.swift in Sources */,
				E87390CB284CA76F00FF79E3 /* Lecture.swift in Sources */,
				E87390D2284E268800FF79E3 /* Weekday.swift in Sources */,
				E86E78D62848497D00773BF0 /* HomeViewController.swift in Sources */,
				E86E78D22848497D00773BF0 /* AppDelegate.swift in Sources */,
				E86E78D42848497D00773BF0 /* SceneDelegate.swift in Sources */,
				E87390C8284CA6A500FF79E3 /* LectureView.swift in Sources */,
				E8E603EB28486AA8003EEA3B /* TimetableBackgroundElementView.swift in Sources */,
			);
			runOnlyForDeploymentPostprocessing = 0;
		};
		E86E78E02848497F00773BF0 /* Sources */ = {
			isa = PBXSourcesBuildPhase;
			buildActionMask = 2147483647;
			files = (
				E86E78E92848497F00773BF0 /* MyClassTimetableTests.swift in Sources */,
			);
			runOnlyForDeploymentPostprocessing = 0;
		};
		E86E78EA2848497F00773BF0 /* Sources */ = {
			isa = PBXSourcesBuildPhase;
			buildActionMask = 2147483647;
			files = (
				E86E78F32848497F00773BF0 /* MyClassTimetableUITests.swift in Sources */,
				E86E78F52848497F00773BF0 /* MyClassTimetableUITestsLaunchTests.swift in Sources */,
			);
			runOnlyForDeploymentPostprocessing = 0;
		};
/* End PBXSourcesBuildPhase section */

/* Begin PBXTargetDependency section */
		E86E78E62848497F00773BF0 /* PBXTargetDependency */ = {
			isa = PBXTargetDependency;
			target = E86E78CD2848497D00773BF0 /* MyClassTimetable */;
			targetProxy = E86E78E52848497F00773BF0 /* PBXContainerItemProxy */;
		};
		E86E78F02848497F00773BF0 /* PBXTargetDependency */ = {
			isa = PBXTargetDependency;
			target = E86E78CD2848497D00773BF0 /* MyClassTimetable */;
			targetProxy = E86E78EF2848497F00773BF0 /* PBXContainerItemProxy */;
		};
/* End PBXTargetDependency section */

/* Begin PBXVariantGroup section */
		E86E78D72848497D00773BF0 /* Home.storyboard */ = {
			isa = PBXVariantGroup;
			children = (
				E86E78D82848497D00773BF0 /* Base */,
			);
			name = Home.storyboard;
			sourceTree = "<group>";
		};
		E86E78DC2848497E00773BF0 /* LaunchScreen.storyboard */ = {
			isa = PBXVariantGroup;
			children = (
				E86E78DD2848497E00773BF0 /* Base */,
			);
			name = LaunchScreen.storyboard;
			sourceTree = "<group>";
		};
/* End PBXVariantGroup section */

/* Begin XCBuildConfiguration section */
		E86E78F62848497F00773BF0 /* Debug */ = {
			isa = XCBuildConfiguration;
			buildSettings = {
				ALWAYS_SEARCH_USER_PATHS = NO;
				CLANG_ANALYZER_NONNULL = YES;
				CLANG_ANALYZER_NUMBER_OBJECT_CONVERSION = YES_AGGRESSIVE;
				CLANG_CXX_LANGUAGE_STANDARD = "gnu++17";
				CLANG_ENABLE_MODULES = YES;
				CLANG_ENABLE_OBJC_ARC = YES;
				CLANG_ENABLE_OBJC_WEAK = YES;
				CLANG_WARN_BLOCK_CAPTURE_AUTORELEASING = YES;
				CLANG_WARN_BOOL_CONVERSION = YES;
				CLANG_WARN_COMMA = YES;
				CLANG_WARN_CONSTANT_CONVERSION = YES;
				CLANG_WARN_DEPRECATED_OBJC_IMPLEMENTATIONS = YES;
				CLANG_WARN_DIRECT_OBJC_ISA_USAGE = YES_ERROR;
				CLANG_WARN_DOCUMENTATION_COMMENTS = YES;
				CLANG_WARN_EMPTY_BODY = YES;
				CLANG_WARN_ENUM_CONVERSION = YES;
				CLANG_WARN_INFINITE_RECURSION = YES;
				CLANG_WARN_INT_CONVERSION = YES;
				CLANG_WARN_NON_LITERAL_NULL_CONVERSION = YES;
				CLANG_WARN_OBJC_IMPLICIT_RETAIN_SELF = YES;
				CLANG_WARN_OBJC_LITERAL_CONVERSION = YES;
				CLANG_WARN_OBJC_ROOT_CLASS = YES_ERROR;
				CLANG_WARN_QUOTED_INCLUDE_IN_FRAMEWORK_HEADER = YES;
				CLANG_WARN_RANGE_LOOP_ANALYSIS = YES;
				CLANG_WARN_STRICT_PROTOTYPES = YES;
				CLANG_WARN_SUSPICIOUS_MOVE = YES;
				CLANG_WARN_UNGUARDED_AVAILABILITY = YES_AGGRESSIVE;
				CLANG_WARN_UNREACHABLE_CODE = YES;
				CLANG_WARN__DUPLICATE_METHOD_MATCH = YES;
				COPY_PHASE_STRIP = NO;
				DEBUG_INFORMATION_FORMAT = dwarf;
				ENABLE_STRICT_OBJC_MSGSEND = YES;
				ENABLE_TESTABILITY = YES;
				GCC_C_LANGUAGE_STANDARD = gnu11;
				GCC_DYNAMIC_NO_PIC = NO;
				GCC_NO_COMMON_BLOCKS = YES;
				GCC_OPTIMIZATION_LEVEL = 0;
				GCC_PREPROCESSOR_DEFINITIONS = (
					"DEBUG=1",
					"$(inherited)",
				);
				GCC_WARN_64_TO_32_BIT_CONVERSION = YES;
				GCC_WARN_ABOUT_RETURN_TYPE = YES_ERROR;
				GCC_WARN_UNDECLARED_SELECTOR = YES;
				GCC_WARN_UNINITIALIZED_AUTOS = YES_AGGRESSIVE;
				GCC_WARN_UNUSED_FUNCTION = YES;
				GCC_WARN_UNUSED_VARIABLE = YES;
				IPHONEOS_DEPLOYMENT_TARGET = 15.0;
				MTL_ENABLE_DEBUG_INFO = INCLUDE_SOURCE;
				MTL_FAST_MATH = YES;
				ONLY_ACTIVE_ARCH = YES;
				SDKROOT = iphoneos;
				SWIFT_ACTIVE_COMPILATION_CONDITIONS = DEBUG;
				SWIFT_OPTIMIZATION_LEVEL = "-Onone";
			};
			name = Debug;
		};
		E86E78F72848497F00773BF0 /* Release */ = {
			isa = XCBuildConfiguration;
			buildSettings = {
				ALWAYS_SEARCH_USER_PATHS = NO;
				CLANG_ANALYZER_NONNULL = YES;
				CLANG_ANALYZER_NUMBER_OBJECT_CONVERSION = YES_AGGRESSIVE;
				CLANG_CXX_LANGUAGE_STANDARD = "gnu++17";
				CLANG_ENABLE_MODULES = YES;
				CLANG_ENABLE_OBJC_ARC = YES;
				CLANG_ENABLE_OBJC_WEAK = YES;
				CLANG_WARN_BLOCK_CAPTURE_AUTORELEASING = YES;
				CLANG_WARN_BOOL_CONVERSION = YES;
				CLANG_WARN_COMMA = YES;
				CLANG_WARN_CONSTANT_CONVERSION = YES;
				CLANG_WARN_DEPRECATED_OBJC_IMPLEMENTATIONS = YES;
				CLANG_WARN_DIRECT_OBJC_ISA_USAGE = YES_ERROR;
				CLANG_WARN_DOCUMENTATION_COMMENTS = YES;
				CLANG_WARN_EMPTY_BODY = YES;
				CLANG_WARN_ENUM_CONVERSION = YES;
				CLANG_WARN_INFINITE_RECURSION = YES;
				CLANG_WARN_INT_CONVERSION = YES;
				CLANG_WARN_NON_LITERAL_NULL_CONVERSION = YES;
				CLANG_WARN_OBJC_IMPLICIT_RETAIN_SELF = YES;
				CLANG_WARN_OBJC_LITERAL_CONVERSION = YES;
				CLANG_WARN_OBJC_ROOT_CLASS = YES_ERROR;
				CLANG_WARN_QUOTED_INCLUDE_IN_FRAMEWORK_HEADER = YES;
				CLANG_WARN_RANGE_LOOP_ANALYSIS = YES;
				CLANG_WARN_STRICT_PROTOTYPES = YES;
				CLANG_WARN_SUSPICIOUS_MOVE = YES;
				CLANG_WARN_UNGUARDED_AVAILABILITY = YES_AGGRESSIVE;
				CLANG_WARN_UNREACHABLE_CODE = YES;
				CLANG_WARN__DUPLICATE_METHOD_MATCH = YES;
				COPY_PHASE_STRIP = NO;
				DEBUG_INFORMATION_FORMAT = "dwarf-with-dsym";
				ENABLE_NS_ASSERTIONS = NO;
				ENABLE_STRICT_OBJC_MSGSEND = YES;
				GCC_C_LANGUAGE_STANDARD = gnu11;
				GCC_NO_COMMON_BLOCKS = YES;
				GCC_WARN_64_TO_32_BIT_CONVERSION = YES;
				GCC_WARN_ABOUT_RETURN_TYPE = YES_ERROR;
				GCC_WARN_UNDECLARED_SELECTOR = YES;
				GCC_WARN_UNINITIALIZED_AUTOS = YES_AGGRESSIVE;
				GCC_WARN_UNUSED_FUNCTION = YES;
				GCC_WARN_UNUSED_VARIABLE = YES;
				IPHONEOS_DEPLOYMENT_TARGET = 15.0;
				MTL_ENABLE_DEBUG_INFO = NO;
				MTL_FAST_MATH = YES;
				SDKROOT = iphoneos;
				SWIFT_COMPILATION_MODE = wholemodule;
				SWIFT_OPTIMIZATION_LEVEL = "-O";
				VALIDATE_PRODUCT = YES;
			};
			name = Release;
		};
		E86E78F92848497F00773BF0 /* Debug */ = {
			isa = XCBuildConfiguration;
			baseConfigurationReference = 9B12BAAA1AB0DA713C52A214 /* Pods-MyClassTimetable.debug.xcconfig */;
			buildSettings = {
				ASSETCATALOG_COMPILER_APPICON_NAME = AppIcon;
				ASSETCATALOG_COMPILER_GLOBAL_ACCENT_COLOR_NAME = AccentColor;
				CODE_SIGN_STYLE = Automatic;
				CURRENT_PROJECT_VERSION = 1;
				DEVELOPMENT_TEAM = 2AVC8X7323;
				GENERATE_INFOPLIST_FILE = YES;
				INFOPLIST_FILE = MyClassTimetable/Application/Info.plist;
				INFOPLIST_KEY_UIApplicationSupportsIndirectInputEvents = YES;
				INFOPLIST_KEY_UILaunchStoryboardName = LaunchScreen;
				INFOPLIST_KEY_UIMainStoryboardFile = Home;
				INFOPLIST_KEY_UISupportedInterfaceOrientations = UIInterfaceOrientationPortrait;
				INFOPLIST_KEY_UISupportedInterfaceOrientations_iPad = "UIInterfaceOrientationPortrait UIInterfaceOrientationPortraitUpsideDown UIInterfaceOrientationLandscapeLeft UIInterfaceOrientationLandscapeRight";
				INFOPLIST_KEY_UISupportedInterfaceOrientations_iPhone = "UIInterfaceOrientationPortrait UIInterfaceOrientationLandscapeLeft UIInterfaceOrientationLandscapeRight";
				IPHONEOS_DEPLOYMENT_TARGET = 15.0;
				LD_RUNPATH_SEARCH_PATHS = (
					"$(inherited)",
					"@executable_path/Frameworks",
				);
				MARKETING_VERSION = 1.0;
				PRODUCT_BUNDLE_IDENTIFIER = woin2ee.MyClassTimetable;
				PRODUCT_NAME = "$(TARGET_NAME)";
				SWIFT_EMIT_LOC_STRINGS = YES;
				SWIFT_VERSION = 5.0;
				TARGETED_DEVICE_FAMILY = 1;
			};
			name = Debug;
		};
		E86E78FA2848497F00773BF0 /* Release */ = {
			isa = XCBuildConfiguration;
			baseConfigurationReference = 63B089CBE0906498A5D50760 /* Pods-MyClassTimetable.release.xcconfig */;
			buildSettings = {
				ASSETCATALOG_COMPILER_APPICON_NAME = AppIcon;
				ASSETCATALOG_COMPILER_GLOBAL_ACCENT_COLOR_NAME = AccentColor;
				CODE_SIGN_STYLE = Automatic;
				CURRENT_PROJECT_VERSION = 1;
				DEVELOPMENT_TEAM = 2AVC8X7323;
				GENERATE_INFOPLIST_FILE = YES;
				INFOPLIST_FILE = MyClassTimetable/Application/Info.plist;
				INFOPLIST_KEY_UIApplicationSupportsIndirectInputEvents = YES;
				INFOPLIST_KEY_UILaunchStoryboardName = LaunchScreen;
				INFOPLIST_KEY_UIMainStoryboardFile = Home;
				INFOPLIST_KEY_UISupportedInterfaceOrientations = UIInterfaceOrientationPortrait;
				INFOPLIST_KEY_UISupportedInterfaceOrientations_iPad = "UIInterfaceOrientationPortrait UIInterfaceOrientationPortraitUpsideDown UIInterfaceOrientationLandscapeLeft UIInterfaceOrientationLandscapeRight";
				INFOPLIST_KEY_UISupportedInterfaceOrientations_iPhone = "UIInterfaceOrientationPortrait UIInterfaceOrientationLandscapeLeft UIInterfaceOrientationLandscapeRight";
				IPHONEOS_DEPLOYMENT_TARGET = 15.0;
				LD_RUNPATH_SEARCH_PATHS = (
					"$(inherited)",
					"@executable_path/Frameworks",
				);
				MARKETING_VERSION = 1.0;
				PRODUCT_BUNDLE_IDENTIFIER = woin2ee.MyClassTimetable;
				PRODUCT_NAME = "$(TARGET_NAME)";
				SWIFT_EMIT_LOC_STRINGS = YES;
				SWIFT_VERSION = 5.0;
				TARGETED_DEVICE_FAMILY = 1;
			};
			name = Release;
		};
		E86E78FC2848497F00773BF0 /* Debug */ = {
			isa = XCBuildConfiguration;
			baseConfigurationReference = D3DA8F4608276FB802A46BCE /* Pods-MyClassTimetableTests.debug.xcconfig */;
			buildSettings = {
				ALWAYS_EMBED_SWIFT_STANDARD_LIBRARIES = YES;
				BUNDLE_LOADER = "$(TEST_HOST)";
				CODE_SIGN_STYLE = Automatic;
				CURRENT_PROJECT_VERSION = 1;
				DEVELOPMENT_TEAM = 2AVC8X7323;
				GENERATE_INFOPLIST_FILE = YES;
				IPHONEOS_DEPLOYMENT_TARGET = 15.4;
				MARKETING_VERSION = 1.0;
				PRODUCT_BUNDLE_IDENTIFIER = woin2ee.MyClassTimetableTests;
				PRODUCT_NAME = "$(TARGET_NAME)";
				SWIFT_EMIT_LOC_STRINGS = NO;
				SWIFT_VERSION = 5.0;
				TARGETED_DEVICE_FAMILY = "1,2";
				TEST_HOST = "$(BUILT_PRODUCTS_DIR)/MyClassTimetable.app/MyClassTimetable";
			};
			name = Debug;
		};
		E86E78FD2848497F00773BF0 /* Release */ = {
			isa = XCBuildConfiguration;
			baseConfigurationReference = 4DA54BA1A351E0D66BAE07BD /* Pods-MyClassTimetableTests.release.xcconfig */;
			buildSettings = {
				ALWAYS_EMBED_SWIFT_STANDARD_LIBRARIES = YES;
				BUNDLE_LOADER = "$(TEST_HOST)";
				CODE_SIGN_STYLE = Automatic;
				CURRENT_PROJECT_VERSION = 1;
				DEVELOPMENT_TEAM = 2AVC8X7323;
				GENERATE_INFOPLIST_FILE = YES;
				IPHONEOS_DEPLOYMENT_TARGET = 15.4;
				MARKETING_VERSION = 1.0;
				PRODUCT_BUNDLE_IDENTIFIER = woin2ee.MyClassTimetableTests;
				PRODUCT_NAME = "$(TARGET_NAME)";
				SWIFT_EMIT_LOC_STRINGS = NO;
				SWIFT_VERSION = 5.0;
				TARGETED_DEVICE_FAMILY = "1,2";
				TEST_HOST = "$(BUILT_PRODUCTS_DIR)/MyClassTimetable.app/MyClassTimetable";
			};
			name = Release;
		};
		E86E78FF2848497F00773BF0 /* Debug */ = {
			isa = XCBuildConfiguration;
			baseConfigurationReference = 3837AD75C429B018208239DF /* Pods-MyClassTimetable-MyClassTimetableUITests.debug.xcconfig */;
			buildSettings = {
				ALWAYS_EMBED_SWIFT_STANDARD_LIBRARIES = YES;
				CODE_SIGN_STYLE = Automatic;
				CURRENT_PROJECT_VERSION = 1;
				DEVELOPMENT_TEAM = 2AVC8X7323;
				GENERATE_INFOPLIST_FILE = YES;
				MARKETING_VERSION = 1.0;
				PRODUCT_BUNDLE_IDENTIFIER = woin2ee.MyClassTimetableUITests;
				PRODUCT_NAME = "$(TARGET_NAME)";
				SWIFT_EMIT_LOC_STRINGS = NO;
				SWIFT_VERSION = 5.0;
				TARGETED_DEVICE_FAMILY = "1,2";
				TEST_TARGET_NAME = MyClassTimetable;
			};
			name = Debug;
		};
		E86E79002848497F00773BF0 /* Release */ = {
			isa = XCBuildConfiguration;
			baseConfigurationReference = 028E51EF5BC09B5DC2413CC0 /* Pods-MyClassTimetable-MyClassTimetableUITests.release.xcconfig */;
			buildSettings = {
				ALWAYS_EMBED_SWIFT_STANDARD_LIBRARIES = YES;
				CODE_SIGN_STYLE = Automatic;
				CURRENT_PROJECT_VERSION = 1;
				DEVELOPMENT_TEAM = 2AVC8X7323;
				GENERATE_INFOPLIST_FILE = YES;
				MARKETING_VERSION = 1.0;
				PRODUCT_BUNDLE_IDENTIFIER = woin2ee.MyClassTimetableUITests;
				PRODUCT_NAME = "$(TARGET_NAME)";
				SWIFT_EMIT_LOC_STRINGS = NO;
				SWIFT_VERSION = 5.0;
				TARGETED_DEVICE_FAMILY = "1,2";
				TEST_TARGET_NAME = MyClassTimetable;
			};
			name = Release;
		};
/* End XCBuildConfiguration section */

/* Begin XCConfigurationList section */
		E86E78C92848497D00773BF0 /* Build configuration list for PBXProject "MyClassTimetable" */ = {
			isa = XCConfigurationList;
			buildConfigurations = (
				E86E78F62848497F00773BF0 /* Debug */,
				E86E78F72848497F00773BF0 /* Release */,
			);
			defaultConfigurationIsVisible = 0;
			defaultConfigurationName = Release;
		};
		E86E78F82848497F00773BF0 /* Build configuration list for PBXNativeTarget "MyClassTimetable" */ = {
			isa = XCConfigurationList;
			buildConfigurations = (
				E86E78F92848497F00773BF0 /* Debug */,
				E86E78FA2848497F00773BF0 /* Release */,
			);
			defaultConfigurationIsVisible = 0;
			defaultConfigurationName = Release;
		};
		E86E78FB2848497F00773BF0 /* Build configuration list for PBXNativeTarget "MyClassTimetableTests" */ = {
			isa = XCConfigurationList;
			buildConfigurations = (
				E86E78FC2848497F00773BF0 /* Debug */,
				E86E78FD2848497F00773BF0 /* Release */,
			);
			defaultConfigurationIsVisible = 0;
			defaultConfigurationName = Release;
		};
		E86E78FE2848497F00773BF0 /* Build configuration list for PBXNativeTarget "MyClassTimetableUITests" */ = {
			isa = XCConfigurationList;
			buildConfigurations = (
				E86E78FF2848497F00773BF0 /* Debug */,
				E86E79002848497F00773BF0 /* Release */,
			);
			defaultConfigurationIsVisible = 0;
			defaultConfigurationName = Release;
		};
/* End XCConfigurationList section */
	};
	rootObject = E86E78C62848497D00773BF0 /* Project object */;
}
